// !$*UTF8*$!
{
	archiveVersion = 1;
	classes = {
	};
	objectVersion = 48;
	objects = {

/* Begin PBXBuildFile section */
		3134C92A203642C70077F5BE /* RestraintRelation.swift in Sources */ = {isa = PBXBuildFile; fileRef = 3134C929203642C70077F5BE /* RestraintRelation.swift */; };
		3134C92C203642DF0077F5BE /* RestraintValue.swift in Sources */ = {isa = PBXBuildFile; fileRef = 3134C92B203642DF0077F5BE /* RestraintValue.swift */; };
		3134C92E203642F20077F5BE /* RestraintModifier.swift in Sources */ = {isa = PBXBuildFile; fileRef = 3134C92D203642F20077F5BE /* RestraintModifier.swift */; };
		3140C35220B79E1D00CA772B /* RestraintSupportProtocols.swift in Sources */ = {isa = PBXBuildFile; fileRef = 3140C35120B79E1D00CA772B /* RestraintSupportProtocols.swift */; };
		3140C35420B7AFDE00CA772B /* GuidedRestraintTests.swift in Sources */ = {isa = PBXBuildFile; fileRef = 3140C35320B7AFDE00CA772B /* GuidedRestraintTests.swift */; };
		3154FA6D20B77D380004B8AF /* TestSupport.swift in Sources */ = {isa = PBXBuildFile; fileRef = 3154FA6C20B77D380004B8AF /* TestSupport.swift */; };
		3154FA6F20B77E8C0004B8AF /* RestraintGuide.swift in Sources */ = {isa = PBXBuildFile; fileRef = 3154FA6E20B77E8C0004B8AF /* RestraintGuide.swift */; };
		316549D5205A044B00ABAB81 /* CGFloat+StraitJacket.swift in Sources */ = {isa = PBXBuildFile; fileRef = 316549D4205A044B00ABAB81 /* CGFloat+StraitJacket.swift */; };
		316549D9205A073400ABAB81 /* CGFloat+ExtensionTests.swift in Sources */ = {isa = PBXBuildFile; fileRef = 316549D8205A073400ABAB81 /* CGFloat+ExtensionTests.swift */; };
		316549DB205A098100ABAB81 /* UIView+StraitJacketTests.swift in Sources */ = {isa = PBXBuildFile; fileRef = 316549DA205A098100ABAB81 /* UIView+StraitJacketTests.swift */; };
		316A840A202BBAC800030398 /* CustomDebugStringConvertible+StraitJacket.swift in Sources */ = {isa = PBXBuildFile; fileRef = 316A8409202BBAC800030398 /* CustomDebugStringConvertible+StraitJacket.swift */; };
		CE2CDA15202943010034B763 /* RestraintTypeAliases.swift in Sources */ = {isa = PBXBuildFile; fileRef = CE2CDA14202943010034B763 /* RestraintTypeAliases.swift */; };
		CE53D414201FBB9400B99FDE /* StraitJacket.framework in Frameworks */ = {isa = PBXBuildFile; fileRef = CE53D40A201FBB9400B99FDE /* StraitJacket.framework */; };
		CE53D41B201FBB9400B99FDE /* StraitJacket.h in Headers */ = {isa = PBXBuildFile; fileRef = CE53D40D201FBB9400B99FDE /* StraitJacket.h */; settings = {ATTRIBUTES = (Public, ); }; };
		CE53D427201FBBF100B99FDE /* Restraint.swift in Sources */ = {isa = PBXBuildFile; fileRef = CE53D426201FBBF100B99FDE /* Restraint.swift */; };
		CE53D429201FBBF800B99FDE /* UIView+StraitJacket.swift in Sources */ = {isa = PBXBuildFile; fileRef = CE53D428201FBBF800B99FDE /* UIView+StraitJacket.swift */; };
		CE53D42C201FBC3A00B99FDE /* RestraintTests.swift in Sources */ = {isa = PBXBuildFile; fileRef = CE53D42B201FBC3A00B99FDE /* RestraintTests.swift */; };
/* End PBXBuildFile section */

/* Begin PBXContainerItemProxy section */
		CE53D415201FBB9400B99FDE /* PBXContainerItemProxy */ = {
			isa = PBXContainerItemProxy;
			containerPortal = CE53D401201FBB9400B99FDE /* Project object */;
			proxyType = 1;
			remoteGlobalIDString = CE53D409201FBB9400B99FDE;
			remoteInfo = StraitJacket;
		};
/* End PBXContainerItemProxy section */

/* Begin PBXFileReference section */
		3134C929203642C70077F5BE /* RestraintRelation.swift */ = {isa = PBXFileReference; lastKnownFileType = sourcecode.swift; path = RestraintRelation.swift; sourceTree = "<group>"; };
		3134C92B203642DF0077F5BE /* RestraintValue.swift */ = {isa = PBXFileReference; lastKnownFileType = sourcecode.swift; path = RestraintValue.swift; sourceTree = "<group>"; };
		3134C92D203642F20077F5BE /* RestraintModifier.swift */ = {isa = PBXFileReference; lastKnownFileType = sourcecode.swift; path = RestraintModifier.swift; sourceTree = "<group>"; };
		3140C35120B79E1D00CA772B /* RestraintSupportProtocols.swift */ = {isa = PBXFileReference; lastKnownFileType = sourcecode.swift; path = RestraintSupportProtocols.swift; sourceTree = "<group>"; };
		3140C35320B7AFDE00CA772B /* GuidedRestraintTests.swift */ = {isa = PBXFileReference; lastKnownFileType = sourcecode.swift; path = GuidedRestraintTests.swift; sourceTree = "<group>"; };
		3154FA6C20B77D380004B8AF /* TestSupport.swift */ = {isa = PBXFileReference; lastKnownFileType = sourcecode.swift; path = TestSupport.swift; sourceTree = "<group>"; };
		3154FA6E20B77E8C0004B8AF /* RestraintGuide.swift */ = {isa = PBXFileReference; lastKnownFileType = sourcecode.swift; path = RestraintGuide.swift; sourceTree = "<group>"; };
		316549D4205A044B00ABAB81 /* CGFloat+StraitJacket.swift */ = {isa = PBXFileReference; lastKnownFileType = sourcecode.swift; path = "CGFloat+StraitJacket.swift"; sourceTree = "<group>"; };
		316549D8205A073400ABAB81 /* CGFloat+ExtensionTests.swift */ = {isa = PBXFileReference; lastKnownFileType = sourcecode.swift; path = "CGFloat+ExtensionTests.swift"; sourceTree = "<group>"; };
		316549DA205A098100ABAB81 /* UIView+StraitJacketTests.swift */ = {isa = PBXFileReference; lastKnownFileType = sourcecode.swift; path = "UIView+StraitJacketTests.swift"; sourceTree = "<group>"; };
		316A8409202BBAC800030398 /* CustomDebugStringConvertible+StraitJacket.swift */ = {isa = PBXFileReference; lastKnownFileType = sourcecode.swift; path = "CustomDebugStringConvertible+StraitJacket.swift"; sourceTree = "<group>"; };
		CE2CDA14202943010034B763 /* RestraintTypeAliases.swift */ = {isa = PBXFileReference; lastKnownFileType = sourcecode.swift; path = RestraintTypeAliases.swift; sourceTree = "<group>"; };
		CE53D40A201FBB9400B99FDE /* StraitJacket.framework */ = {isa = PBXFileReference; explicitFileType = wrapper.framework; includeInIndex = 0; path = StraitJacket.framework; sourceTree = BUILT_PRODUCTS_DIR; };
		CE53D40D201FBB9400B99FDE /* StraitJacket.h */ = {isa = PBXFileReference; lastKnownFileType = sourcecode.c.h; path = StraitJacket.h; sourceTree = "<group>"; };
		CE53D40E201FBB9400B99FDE /* Info.plist */ = {isa = PBXFileReference; lastKnownFileType = text.plist.xml; path = Info.plist; sourceTree = "<group>"; };
		CE53D413201FBB9400B99FDE /* StraitJacketTests.xctest */ = {isa = PBXFileReference; explicitFileType = wrapper.cfbundle; includeInIndex = 0; path = StraitJacketTests.xctest; sourceTree = BUILT_PRODUCTS_DIR; };
		CE53D41A201FBB9400B99FDE /* Info.plist */ = {isa = PBXFileReference; lastKnownFileType = text.plist.xml; path = Info.plist; sourceTree = "<group>"; };
		CE53D426201FBBF100B99FDE /* Restraint.swift */ = {isa = PBXFileReference; fileEncoding = 4; lastKnownFileType = sourcecode.swift; path = Restraint.swift; sourceTree = "<group>"; };
		CE53D428201FBBF800B99FDE /* UIView+StraitJacket.swift */ = {isa = PBXFileReference; fileEncoding = 4; lastKnownFileType = sourcecode.swift; path = "UIView+StraitJacket.swift"; sourceTree = "<group>"; };
		CE53D42B201FBC3A00B99FDE /* RestraintTests.swift */ = {isa = PBXFileReference; fileEncoding = 4; lastKnownFileType = sourcecode.swift; path = RestraintTests.swift; sourceTree = "<group>"; };
/* End PBXFileReference section */

/* Begin PBXFrameworksBuildPhase section */
		CE53D406201FBB9400B99FDE /* Frameworks */ = {
			isa = PBXFrameworksBuildPhase;
			buildActionMask = 2147483647;
			files = (
			);
			runOnlyForDeploymentPostprocessing = 0;
		};
		CE53D410201FBB9400B99FDE /* Frameworks */ = {
			isa = PBXFrameworksBuildPhase;
			buildActionMask = 2147483647;
			files = (
				CE53D414201FBB9400B99FDE /* StraitJacket.framework in Frameworks */,
			);
			runOnlyForDeploymentPostprocessing = 0;
		};
/* End PBXFrameworksBuildPhase section */

/* Begin PBXGroup section */
		3134C928203642AB0077F5BE /* Models */ = {
			isa = PBXGroup;
			children = (
				3140C35120B79E1D00CA772B /* RestraintSupportProtocols.swift */,
				CE53D426201FBBF100B99FDE /* Restraint.swift */,
				3154FA6E20B77E8C0004B8AF /* RestraintGuide.swift */,
				3134C92D203642F20077F5BE /* RestraintModifier.swift */,
				3134C929203642C70077F5BE /* RestraintRelation.swift */,
				3134C92B203642DF0077F5BE /* RestraintValue.swift */,
			);
			path = Models;
			sourceTree = "<group>";
		};
		316A840B202BBB4300030398 /* Extensions */ = {
			isa = PBXGroup;
			children = (
				316A8409202BBAC800030398 /* CustomDebugStringConvertible+StraitJacket.swift */,
			);
			path = Extensions;
			sourceTree = "<group>";
		};
		CE53D400201FBB9400B99FDE = {
			isa = PBXGroup;
			children = (
				CE53D40C201FBB9400B99FDE /* StraitJacket */,
				CE53D417201FBB9400B99FDE /* StraitJacketTests */,
				CE53D40B201FBB9400B99FDE /* Products */,
			);
			sourceTree = "<group>";
		};
		CE53D40B201FBB9400B99FDE /* Products */ = {
			isa = PBXGroup;
			children = (
				CE53D40A201FBB9400B99FDE /* StraitJacket.framework */,
				CE53D413201FBB9400B99FDE /* StraitJacketTests.xctest */,
			);
			name = Products;
			sourceTree = "<group>";
		};
		CE53D40C201FBB9400B99FDE /* StraitJacket */ = {
			isa = PBXGroup;
			children = (
				CE53D40D201FBB9400B99FDE /* StraitJacket.h */,
				CE2CDA14202943010034B763 /* RestraintTypeAliases.swift */,
				CE53D42A201FBC1000B99FDE /* Extensions */,
				3134C928203642AB0077F5BE /* Models */,
				CE53D40E201FBB9400B99FDE /* Info.plist */,
			);
			path = StraitJacket;
			sourceTree = "<group>";
		};
		CE53D417201FBB9400B99FDE /* StraitJacketTests */ = {
			isa = PBXGroup;
			children = (
				3154FA6C20B77D380004B8AF /* TestSupport.swift */,
				CE53D42B201FBC3A00B99FDE /* RestraintTests.swift */,
				3140C35320B7AFDE00CA772B /* GuidedRestraintTests.swift */,
				316549D8205A073400ABAB81 /* CGFloat+ExtensionTests.swift */,
				316549DA205A098100ABAB81 /* UIView+StraitJacketTests.swift */,
				316A840B202BBB4300030398 /* Extensions */,
				CE53D41A201FBB9400B99FDE /* Info.plist */,
			);
			path = StraitJacketTests;
			sourceTree = "<group>";
		};
		CE53D42A201FBC1000B99FDE /* Extensions */ = {
			isa = PBXGroup;
			children = (
				CE53D428201FBBF800B99FDE /* UIView+StraitJacket.swift */,
				316549D4205A044B00ABAB81 /* CGFloat+StraitJacket.swift */,
			);
			path = Extensions;
			sourceTree = "<group>";
		};
/* End PBXGroup section */

/* Begin PBXHeadersBuildPhase section */
		CE53D407201FBB9400B99FDE /* Headers */ = {
			isa = PBXHeadersBuildPhase;
			buildActionMask = 2147483647;
			files = (
				CE53D41B201FBB9400B99FDE /* StraitJacket.h in Headers */,
			);
			runOnlyForDeploymentPostprocessing = 0;
		};
/* End PBXHeadersBuildPhase section */

/* Begin PBXNativeTarget section */
		CE53D409201FBB9400B99FDE /* StraitJacket */ = {
			isa = PBXNativeTarget;
			buildConfigurationList = CE53D41E201FBB9400B99FDE /* Build configuration list for PBXNativeTarget "StraitJacket" */;
			buildPhases = (
				CE53D405201FBB9400B99FDE /* Sources */,
				CE53D406201FBB9400B99FDE /* Frameworks */,
				CE53D407201FBB9400B99FDE /* Headers */,
				CE53D408201FBB9400B99FDE /* Resources */,
			);
			buildRules = (
			);
			dependencies = (
			);
			name = StraitJacket;
			productName = StraitJacket;
			productReference = CE53D40A201FBB9400B99FDE /* StraitJacket.framework */;
			productType = "com.apple.product-type.framework";
		};
		CE53D412201FBB9400B99FDE /* StraitJacketTests */ = {
			isa = PBXNativeTarget;
			buildConfigurationList = CE53D421201FBB9400B99FDE /* Build configuration list for PBXNativeTarget "StraitJacketTests" */;
			buildPhases = (
				CE53D40F201FBB9400B99FDE /* Sources */,
				CE53D410201FBB9400B99FDE /* Frameworks */,
				CE53D411201FBB9400B99FDE /* Resources */,
			);
			buildRules = (
			);
			dependencies = (
				CE53D416201FBB9400B99FDE /* PBXTargetDependency */,
			);
			name = StraitJacketTests;
			productName = StraitJacketTests;
			productReference = CE53D413201FBB9400B99FDE /* StraitJacketTests.xctest */;
			productType = "com.apple.product-type.bundle.unit-test";
		};
/* End PBXNativeTarget section */

/* Begin PBXProject section */
		CE53D401201FBB9400B99FDE /* Project object */ = {
			isa = PBXProject;
			attributes = {
				LastSwiftUpdateCheck = 0920;
				LastUpgradeCheck = 0930;
				ORGANIZATIONNAME = "Danny Chhay";
				TargetAttributes = {
					CE53D409201FBB9400B99FDE = {
						CreatedOnToolsVersion = 9.2;
						LastSwiftMigration = 0920;
						ProvisioningStyle = Automatic;
					};
					CE53D412201FBB9400B99FDE = {
						CreatedOnToolsVersion = 9.2;
						ProvisioningStyle = Automatic;
					};
				};
			};
			buildConfigurationList = CE53D404201FBB9400B99FDE /* Build configuration list for PBXProject "StraitJacket" */;
			compatibilityVersion = "Xcode 8.0";
			developmentRegion = en;
			hasScannedForEncodings = 0;
			knownRegions = (
				en,
			);
			mainGroup = CE53D400201FBB9400B99FDE;
			productRefGroup = CE53D40B201FBB9400B99FDE /* Products */;
			projectDirPath = "";
			projectRoot = "";
			targets = (
				CE53D409201FBB9400B99FDE /* StraitJacket */,
				CE53D412201FBB9400B99FDE /* StraitJacketTests */,
			);
		};
/* End PBXProject section */

/* Begin PBXResourcesBuildPhase section */
		CE53D408201FBB9400B99FDE /* Resources */ = {
			isa = PBXResourcesBuildPhase;
			buildActionMask = 2147483647;
			files = (
			);
			runOnlyForDeploymentPostprocessing = 0;
		};
		CE53D411201FBB9400B99FDE /* Resources */ = {
			isa = PBXResourcesBuildPhase;
			buildActionMask = 2147483647;
			files = (
			);
			runOnlyForDeploymentPostprocessing = 0;
		};
/* End PBXResourcesBuildPhase section */

/* Begin PBXSourcesBuildPhase section */
		CE53D405201FBB9400B99FDE /* Sources */ = {
			isa = PBXSourcesBuildPhase;
			buildActionMask = 2147483647;
			files = (
				3134C92A203642C70077F5BE /* RestraintRelation.swift in Sources */,
				CE53D427201FBBF100B99FDE /* Restraint.swift in Sources */,
				3154FA6F20B77E8C0004B8AF /* RestraintGuide.swift in Sources */,
				CE2CDA15202943010034B763 /* RestraintTypeAliases.swift in Sources */,
				3134C92E203642F20077F5BE /* RestraintModifier.swift in Sources */,
				316549D5205A044B00ABAB81 /* CGFloat+StraitJacket.swift in Sources */,
				3134C92C203642DF0077F5BE /* RestraintValue.swift in Sources */,
				3140C35220B79E1D00CA772B /* RestraintSupportProtocols.swift in Sources */,
				CE53D429201FBBF800B99FDE /* UIView+StraitJacket.swift in Sources */,
			);
			runOnlyForDeploymentPostprocessing = 0;
		};
		CE53D40F201FBB9400B99FDE /* Sources */ = {
			isa = PBXSourcesBuildPhase;
			buildActionMask = 2147483647;
			files = (
				316A840A202BBAC800030398 /* CustomDebugStringConvertible+StraitJacket.swift in Sources */,
				316549DB205A098100ABAB81 /* UIView+StraitJacketTests.swift in Sources */,
				3140C35420B7AFDE00CA772B /* GuidedRestraintTests.swift in Sources */,
				316549D9205A073400ABAB81 /* CGFloat+ExtensionTests.swift in Sources */,
				3154FA6D20B77D380004B8AF /* TestSupport.swift in Sources */,
				CE53D42C201FBC3A00B99FDE /* RestraintTests.swift in Sources */,
			);
			runOnlyForDeploymentPostprocessing = 0;
		};
/* End PBXSourcesBuildPhase section */

/* Begin PBXTargetDependency section */
		CE53D416201FBB9400B99FDE /* PBXTargetDependency */ = {
			isa = PBXTargetDependency;
			target = CE53D409201FBB9400B99FDE /* StraitJacket */;
			targetProxy = CE53D415201FBB9400B99FDE /* PBXContainerItemProxy */;
		};
/* End PBXTargetDependency section */

/* Begin XCBuildConfiguration section */
		CE53D41C201FBB9400B99FDE /* Debug */ = {
			isa = XCBuildConfiguration;
			buildSettings = {
				ALWAYS_SEARCH_USER_PATHS = NO;
				CLANG_ANALYZER_NONNULL = YES;
				CLANG_ANALYZER_NUMBER_OBJECT_CONVERSION = YES_AGGRESSIVE;
				CLANG_CXX_LANGUAGE_STANDARD = "gnu++14";
				CLANG_CXX_LIBRARY = "libc++";
				CLANG_ENABLE_MODULES = YES;
				CLANG_ENABLE_OBJC_ARC = YES;
				CLANG_WARN_BLOCK_CAPTURE_AUTORELEASING = YES;
				CLANG_WARN_BOOL_CONVERSION = YES;
				CLANG_WARN_COMMA = YES;
				CLANG_WARN_CONSTANT_CONVERSION = YES;
				CLANG_WARN_DEPRECATED_OBJC_IMPLEMENTATIONS = YES;
				CLANG_WARN_DIRECT_OBJC_ISA_USAGE = YES_ERROR;
				CLANG_WARN_DOCUMENTATION_COMMENTS = YES;
				CLANG_WARN_EMPTY_BODY = YES;
				CLANG_WARN_ENUM_CONVERSION = YES;
				CLANG_WARN_INFINITE_RECURSION = YES;
				CLANG_WARN_INT_CONVERSION = YES;
				CLANG_WARN_NON_LITERAL_NULL_CONVERSION = YES;
				CLANG_WARN_OBJC_IMPLICIT_RETAIN_SELF = YES;
				CLANG_WARN_OBJC_LITERAL_CONVERSION = YES;
				CLANG_WARN_OBJC_ROOT_CLASS = YES_ERROR;
				CLANG_WARN_RANGE_LOOP_ANALYSIS = YES;
				CLANG_WARN_STRICT_PROTOTYPES = YES;
				CLANG_WARN_SUSPICIOUS_MOVE = YES;
				CLANG_WARN_UNGUARDED_AVAILABILITY = YES_AGGRESSIVE;
				CLANG_WARN_UNREACHABLE_CODE = YES;
				CLANG_WARN__DUPLICATE_METHOD_MATCH = YES;
				CODE_SIGN_IDENTITY = "iPhone Developer";
				COPY_PHASE_STRIP = NO;
				CURRENT_PROJECT_VERSION = 1;
				DEBUG_INFORMATION_FORMAT = dwarf;
				ENABLE_STRICT_OBJC_MSGSEND = YES;
				ENABLE_TESTABILITY = YES;
				GCC_C_LANGUAGE_STANDARD = gnu11;
				GCC_DYNAMIC_NO_PIC = NO;
				GCC_NO_COMMON_BLOCKS = YES;
				GCC_OPTIMIZATION_LEVEL = 0;
				GCC_PREPROCESSOR_DEFINITIONS = (
					"DEBUG=1",
					"$(inherited)",
				);
				GCC_WARN_64_TO_32_BIT_CONVERSION = YES;
				GCC_WARN_ABOUT_RETURN_TYPE = YES_ERROR;
				GCC_WARN_UNDECLARED_SELECTOR = YES;
				GCC_WARN_UNINITIALIZED_AUTOS = YES_AGGRESSIVE;
				GCC_WARN_UNUSED_FUNCTION = YES;
				GCC_WARN_UNUSED_VARIABLE = YES;
				IPHONEOS_DEPLOYMENT_TARGET = 11.2;
				MTL_ENABLE_DEBUG_INFO = YES;
				ONLY_ACTIVE_ARCH = YES;
				SDKROOT = iphoneos;
				SWIFT_ACTIVE_COMPILATION_CONDITIONS = DEBUG;
				SWIFT_OPTIMIZATION_LEVEL = "-Onone";
				VERSIONING_SYSTEM = "apple-generic";
				VERSION_INFO_PREFIX = "";
			};
			name = Debug;
		};
		CE53D41D201FBB9400B99FDE /* Release */ = {
			isa = XCBuildConfiguration;
			buildSettings = {
				ALWAYS_SEARCH_USER_PATHS = NO;
				CLANG_ANALYZER_NONNULL = YES;
				CLANG_ANALYZER_NUMBER_OBJECT_CONVERSION = YES_AGGRESSIVE;
				CLANG_CXX_LANGUAGE_STANDARD = "gnu++14";
				CLANG_CXX_LIBRARY = "libc++";
				CLANG_ENABLE_MODULES = YES;
				CLANG_ENABLE_OBJC_ARC = YES;
				CLANG_WARN_BLOCK_CAPTURE_AUTORELEASING = YES;
				CLANG_WARN_BOOL_CONVERSION = YES;
				CLANG_WARN_COMMA = YES;
				CLANG_WARN_CONSTANT_CONVERSION = YES;
				CLANG_WARN_DEPRECATED_OBJC_IMPLEMENTATIONS = YES;
				CLANG_WARN_DIRECT_OBJC_ISA_USAGE = YES_ERROR;
				CLANG_WARN_DOCUMENTATION_COMMENTS = YES;
				CLANG_WARN_EMPTY_BODY = YES;
				CLANG_WARN_ENUM_CONVERSION = YES;
				CLANG_WARN_INFINITE_RECURSION = YES;
				CLANG_WARN_INT_CONVERSION = YES;
				CLANG_WARN_NON_LITERAL_NULL_CONVERSION = YES;
				CLANG_WARN_OBJC_IMPLICIT_RETAIN_SELF = YES;
				CLANG_WARN_OBJC_LITERAL_CONVERSION = YES;
				CLANG_WARN_OBJC_ROOT_CLASS = YES_ERROR;
				CLANG_WARN_RANGE_LOOP_ANALYSIS = YES;
				CLANG_WARN_STRICT_PROTOTYPES = YES;
				CLANG_WARN_SUSPICIOUS_MOVE = YES;
				CLANG_WARN_UNGUARDED_AVAILABILITY = YES_AGGRESSIVE;
				CLANG_WARN_UNREACHABLE_CODE = YES;
				CLANG_WARN__DUPLICATE_METHOD_MATCH = YES;
				CODE_SIGN_IDENTITY = "iPhone Developer";
				COPY_PHASE_STRIP = NO;
				CURRENT_PROJECT_VERSION = 1;
				DEBUG_INFORMATION_FORMAT = "dwarf-with-dsym";
				ENABLE_NS_ASSERTIONS = NO;
				ENABLE_STRICT_OBJC_MSGSEND = YES;
				GCC_C_LANGUAGE_STANDARD = gnu11;
				GCC_NO_COMMON_BLOCKS = YES;
				GCC_WARN_64_TO_32_BIT_CONVERSION = YES;
				GCC_WARN_ABOUT_RETURN_TYPE = YES_ERROR;
				GCC_WARN_UNDECLARED_SELECTOR = YES;
				GCC_WARN_UNINITIALIZED_AUTOS = YES_AGGRESSIVE;
				GCC_WARN_UNUSED_FUNCTION = YES;
				GCC_WARN_UNUSED_VARIABLE = YES;
				IPHONEOS_DEPLOYMENT_TARGET = 11.2;
				MTL_ENABLE_DEBUG_INFO = NO;
				SDKROOT = iphoneos;
				SWIFT_OPTIMIZATION_LEVEL = "-Owholemodule";
				VALIDATE_PRODUCT = YES;
				VERSIONING_SYSTEM = "apple-generic";
				VERSION_INFO_PREFIX = "";
			};
			name = Release;
		};
		CE53D41F201FBB9400B99FDE /* Debug */ = {
			isa = XCBuildConfiguration;
			buildSettings = {
				CLANG_ENABLE_MODULES = YES;
				CODE_SIGN_IDENTITY = "";
				CODE_SIGN_STYLE = Automatic;
				DEFINES_MODULE = YES;
				DYLIB_COMPATIBILITY_VERSION = 1;
				DYLIB_CURRENT_VERSION = 1;
				DYLIB_INSTALL_NAME_BASE = "@rpath";
				INFOPLIST_FILE = StraitJacket/Info.plist;
				INSTALL_PATH = "$(LOCAL_LIBRARY_DIR)/Frameworks";
				LD_RUNPATH_SEARCH_PATHS = "$(inherited) @executable_path/Frameworks @loader_path/Frameworks";
				PRODUCT_BUNDLE_IDENTIFIER = com.dannychhay.StraitJacket;
				PRODUCT_NAME = "$(TARGET_NAME:c99extidentifier)";
				SKIP_INSTALL = YES;
				SWIFT_OPTIMIZATION_LEVEL = "-Onone";
				SWIFT_VERSION = 4.0;
				TARGETED_DEVICE_FAMILY = "1,2";
			};
			name = Debug;
		};
		CE53D420201FBB9400B99FDE /* Release */ = {
			isa = XCBuildConfiguration;
			buildSettings = {
				CLANG_ENABLE_MODULES = YES;
				CODE_SIGN_IDENTITY = "";
				CODE_SIGN_STYLE = Automatic;
				DEFINES_MODULE = YES;
				DYLIB_COMPATIBILITY_VERSION = 1;
				DYLIB_CURRENT_VERSION = 1;
				DYLIB_INSTALL_NAME_BASE = "@rpath";
				INFOPLIST_FILE = StraitJacket/Info.plist;
				INSTALL_PATH = "$(LOCAL_LIBRARY_DIR)/Frameworks";
				LD_RUNPATH_SEARCH_PATHS = "$(inherited) @executable_path/Frameworks @loader_path/Frameworks";
				PRODUCT_BUNDLE_IDENTIFIER = com.dannychhay.StraitJacket;
				PRODUCT_NAME = "$(TARGET_NAME:c99extidentifier)";
				SKIP_INSTALL = YES;
				SWIFT_VERSION = 4.0;
				TARGETED_DEVICE_FAMILY = "1,2";
			};
			name = Release;
		};
		CE53D422201FBB9400B99FDE /* Debug */ = {
			isa = XCBuildConfiguration;
			buildSettings = {
				ALWAYS_EMBED_SWIFT_STANDARD_LIBRARIES = YES;
				CODE_SIGN_STYLE = Automatic;
				INFOPLIST_FILE = StraitJacketTests/Info.plist;
				LD_RUNPATH_SEARCH_PATHS = "$(inherited) @executable_path/Frameworks @loader_path/Frameworks";
				PRODUCT_BUNDLE_IDENTIFIER = com.dannychhay.StraitJacketTests;
				PRODUCT_NAME = "$(TARGET_NAME)";
				SWIFT_VERSION = 4.0;
				TARGETED_DEVICE_FAMILY = "1,2";
			};
			name = Debug;
		};
		CE53D423201FBB9400B99FDE /* Release */ = {
			isa = XCBuildConfiguration;
			buildSettings = {
				ALWAYS_EMBED_SWIFT_STANDARD_LIBRARIES = YES;
				CODE_SIGN_STYLE = Automatic;
				INFOPLIST_FILE = StraitJacketTests/Info.plist;
				LD_RUNPATH_SEARCH_PATHS = "$(inherited) @executable_path/Frameworks @loader_path/Frameworks";
				PRODUCT_BUNDLE_IDENTIFIER = com.dannychhay.StraitJacketTests;
				PRODUCT_NAME = "$(TARGET_NAME)";
				SWIFT_VERSION = 4.0;
				TARGETED_DEVICE_FAMILY = "1,2";
			};
			name = Release;
		};
/* End XCBuildConfiguration section */

/* Begin XCConfigurationList section */
		CE53D404201FBB9400B99FDE /* Build configuration list for PBXProject "StraitJacket" */ = {
			isa = XCConfigurationList;
			buildConfigurations = (
				CE53D41C201FBB9400B99FDE /* Debug */,
				CE53D41D201FBB9400B99FDE /* Release */,
			);
			defaultConfigurationIsVisible = 0;
			defaultConfigurationName = Release;
		};
		CE53D41E201FBB9400B99FDE /* Build configuration list for PBXNativeTarget "StraitJacket" */ = {
			isa = XCConfigurationList;
			buildConfigurations = (
				CE53D41F201FBB9400B99FDE /* Debug */,
				CE53D420201FBB9400B99FDE /* Release */,
			);
			defaultConfigurationIsVisible = 0;
			defaultConfigurationName = Release;
		};
		CE53D421201FBB9400B99FDE /* Build configuration list for PBXNativeTarget "StraitJacketTests" */ = {
			isa = XCConfigurationList;
			buildConfigurations = (
				CE53D422201FBB9400B99FDE /* Debug */,
				CE53D423201FBB9400B99FDE /* Release */,
			);
			defaultConfigurationIsVisible = 0;
			defaultConfigurationName = Release;
		};
/* End XCConfigurationList section */
	};
	rootObject = CE53D401201FBB9400B99FDE /* Project object */;
}
